
Microsoft Visual Studio Solution File, Format Version 12.00
# Visual Studio Version 17
VisualStudioVersion = 17.5.33424.131
MinimumVisualStudioVersion = 10.0.40219.1
Project("{FAE04EC0-301F-11D3-BF4B-00C04F79EFBC}") = "EMSOnWeb", "EMSOnWeb\EMSOnWeb.csproj", "{0DEA820A-25CA-42EA-93D9-E16F952D5873}"
EndProject
Global
	GlobalSection(SolutionConfigurationPlatforms) = preSolution
		Debug|Any CPU = Debug|Any CPU
		Release|Any CPU = Release|Any CPU
	EndGlobalSection
	GlobalSection(ProjectConfigurationPlatforms) = postSolution
		{0DEA820A-25CA-42EA-93D9-E16F952D5873}.Debug|Any CPU.ActiveCfg = Debug|Any CPU
		{0DEA820A-25CA-42EA-93D9-E16F952D5873}.Debug|Any CPU.Build.0 = Debug|Any CPU
		{0DEA820A-25CA-42EA-93D9-E16F952D5873}.Release|Any CPU.ActiveCfg = Release|Any CPU
		{0DEA820A-25CA-42EA-93D9-E16F952D5873}.Release|Any CPU.Build.0 = Release|Any CPU
	EndGlobalSection
	GlobalSection(SolutionProperties) = preSolution
		HideSolutionNode = FALSE
	EndGlobalSection
	GlobalSection(ExtensibilityGlobals) = postSolution
		SolutionGuid = {FBDC29F4-1573-40BC-8CDC-0EAA6866FA43}
	EndGlobalSection
EndGlobal
